// !$*UTF8*$!
{
	archiveVersion = 1;
	classes = {
	};
	objectVersion = 46;
	objects = {

/* Begin PBXBuildFile section */
		1FA775EA1F545CF80019D910 /* AppDelegate.swift in Sources */ = {isa = PBXBuildFile; fileRef = 1FA775E91F545CF80019D910 /* AppDelegate.swift */; };
		1FA775EF1F545CF80019D910 /* Main.storyboard in Resources */ = {isa = PBXBuildFile; fileRef = 1FA775ED1F545CF80019D910 /* Main.storyboard */; };
		1FA775F11F545CF80019D910 /* Assets.xcassets in Resources */ = {isa = PBXBuildFile; fileRef = 1FA775F01F545CF80019D910 /* Assets.xcassets */; };
		1FA775F41F545CF80019D910 /* LaunchScreen.storyboard in Resources */ = {isa = PBXBuildFile; fileRef = 1FA775F21F545CF80019D910 /* LaunchScreen.storyboard */; };
		1FA776061F5461730019D910 /* SGPageController.swift in Sources */ = {isa = PBXBuildFile; fileRef = 1FA776041F5461730019D910 /* SGPageController.swift */; };
		1FA776071F5461730019D910 /* SGPagerVC.swift in Sources */ = {isa = PBXBuildFile; fileRef = 1FA776051F5461730019D910 /* SGPagerVC.swift */; };
/* End PBXBuildFile section */

/* Begin PBXFileReference section */
		1FA775E61F545CF80019D910 /* SGPager.app */ = {isa = PBXFileReference; explicitFileType = wrapper.application; includeInIndex = 0; path = SGPager.app; sourceTree = BUILT_PRODUCTS_DIR; };
		1FA775E91F545CF80019D910 /* AppDelegate.swift */ = {isa = PBXFileReference; lastKnownFileType = sourcecode.swift; path = AppDelegate.swift; sourceTree = "<group>"; };
		1FA775EE1F545CF80019D910 /* Base */ = {isa = PBXFileReference; lastKnownFileType = file.storyboard; name = Base; path = Base.lproj/Main.storyboard; sourceTree = "<group>"; };
		1FA775F01F545CF80019D910 /* Assets.xcassets */ = {isa = PBXFileReference; lastKnownFileType = folder.assetcatalog; path = Assets.xcassets; sourceTree = "<group>"; };
		1FA775F31F545CF80019D910 /* Base */ = {isa = PBXFileReference; lastKnownFileType = file.storyboard; name = Base; path = Base.lproj/LaunchScreen.storyboard; sourceTree = "<group>"; };
		1FA775F51F545CF80019D910 /* Info.plist */ = {isa = PBXFileReference; lastKnownFileType = text.plist.xml; path = Info.plist; sourceTree = "<group>"; };
		1FA776041F5461730019D910 /* SGPageController.swift */ = {isa = PBXFileReference; fileEncoding = 4; lastKnownFileType = sourcecode.swift; path = SGPageController.swift; sourceTree = "<group>"; };
		1FA776051F5461730019D910 /* SGPagerVC.swift */ = {isa = PBXFileReference; fileEncoding = 4; lastKnownFileType = sourcecode.swift; path = SGPagerVC.swift; sourceTree = "<group>"; };
/* End PBXFileReference section */

/* Begin PBXFrameworksBuildPhase section */
		1FA775E31F545CF80019D910 /* Frameworks */ = {
			isa = PBXFrameworksBuildPhase;
			buildActionMask = 2147483647;
			files = (
			);
			runOnlyForDeploymentPostprocessing = 0;
		};
/* End PBXFrameworksBuildPhase section */

/* Begin PBXGroup section */
		1FA775DD1F545CF80019D910 = {
			isa = PBXGroup;
			children = (
				1FA775E81F545CF80019D910 /* SGPager */,
				1FA775E71F545CF80019D910 /* Products */,
			);
			sourceTree = "<group>";
		};
		1FA775E71F545CF80019D910 /* Products */ = {
			isa = PBXGroup;
			children = (
				1FA775E61F545CF80019D910 /* SGPager.app */,
			);
			name = Products;
			sourceTree = "<group>";
		};
		1FA775E81F545CF80019D910 /* SGPager */ = {
			isa = PBXGroup;
			children = (
				1FA776031F5461730019D910 /* SGPager */,
				1FA775E91F545CF80019D910 /* AppDelegate.swift */,
				1FA775ED1F545CF80019D910 /* Main.storyboard */,
				1FA775F01F545CF80019D910 /* Assets.xcassets */,
				1FA775F21F545CF80019D910 /* LaunchScreen.storyboard */,
				1FA775F51F545CF80019D910 /* Info.plist */,
			);
			path = SGPager;
			sourceTree = "<group>";
		};
		1FA776031F5461730019D910 /* SGPager */ = {
			isa = PBXGroup;
			children = (
				1FA776051F5461730019D910 /* SGPagerVC.swift */,
				1FA776041F5461730019D910 /* SGPageController.swift */,
			);
			path = SGPager;
			sourceTree = "<group>";
		};
/* End PBXGroup section */

/* Begin PBXNativeTarget section */
		1FA775E51F545CF80019D910 /* SGPager */ = {
			isa = PBXNativeTarget;
			buildConfigurationList = 1FA775F81F545CF80019D910 /* Build configuration list for PBXNativeTarget "SGPager" */;
			buildPhases = (
				1FA775E21F545CF80019D910 /* Sources */,
				1FA775E31F545CF80019D910 /* Frameworks */,
				1FA775E41F545CF80019D910 /* Resources */,
			);
			buildRules = (
			);
			dependencies = (
			);
			name = SGPager;
			productName = SGPager;
			productReference = 1FA775E61F545CF80019D910 /* SGPager.app */;
			productType = "com.apple.product-type.application";
		};
/* End PBXNativeTarget section */

/* Begin PBXProject section */
		1FA775DE1F545CF80019D910 /* Project object */ = {
			isa = PBXProject;
			attributes = {
				LastSwiftUpdateCheck = 0830;
				LastUpgradeCheck = 0830;
				ORGANIZATIONNAME = "Shamkhal Guliyev";
				TargetAttributes = {
					1FA775E51F545CF80019D910 = {
						CreatedOnToolsVersion = 8.3.2;
						DevelopmentTeam = 9TDEENMMAL;
						ProvisioningStyle = Automatic;
					};
				};
			};
			buildConfigurationList = 1FA775E11F545CF80019D910 /* Build configuration list for PBXProject "SGPager" */;
			compatibilityVersion = "Xcode 3.2";
			developmentRegion = English;
			hasScannedForEncodings = 0;
			knownRegions = (
				en,
				Base,
			);
			mainGroup = 1FA775DD1F545CF80019D910;
			productRefGroup = 1FA775E71F545CF80019D910 /* Products */;
			projectDirPath = "";
			projectRoot = "";
			targets = (
				1FA775E51F545CF80019D910 /* SGPager */,
			);
		};
/* End PBXProject section */

/* Begin PBXResourcesBuildPhase section */
		1FA775E41F545CF80019D910 /* Resources */ = {
			isa = PBXResourcesBuildPhase;
			buildActionMask = 2147483647;
			files = (
				1FA775F41F545CF80019D910 /* LaunchScreen.storyboard in Resources */,
				1FA775F11F545CF80019D910 /* Assets.xcassets in Resources */,
				1FA775EF1F545CF80019D910 /* Main.storyboard in Resources */,
			);
			runOnlyForDeploymentPostprocessing = 0;
		};
/* End PBXResourcesBuildPhase section */

/* Begin PBXSourcesBuildPhase section */
		1FA775E21F545CF80019D910 /* Sources */ = {
			isa = PBXSourcesBuildPhase;
			buildActionMask = 2147483647;
			files = (
				1FA775EA1F545CF80019D910 /* AppDelegate.swift in Sources */,
				1FA776071F5461730019D910 /* SGPagerVC.swift in Sources */,
				1FA776061F5461730019D910 /* SGPageController.swift in Sources */,
			);
			runOnlyForDeploymentPostprocessing = 0;
		};
/* End PBXSourcesBuildPhase section */

/* Begin PBXVariantGroup section */
		1FA775ED1F545CF80019D910 /* Main.storyboard */ = {
			isa = PBXVariantGroup;
			children = (
				1FA775EE1F545CF80019D910 /* Base */,
			);
			name = Main.storyboard;
			sourceTree = "<group>";
		};
		1FA775F21F545CF80019D910 /* LaunchScreen.storyboard */ = {
			isa = PBXVariantGroup;
			children = (
				1FA775F31F545CF80019D910 /* Base */,
			);
			name = LaunchScreen.storyboard;
			sourceTree = "<group>";
		};
/* End PBXVariantGroup section */

/* Begin XCBuildConfiguration section */
		1FA775F61F545CF80019D910 /* Debug */ = {
			isa = XCBuildConfiguration;
			buildSettings = {
				ALWAYS_SEARCH_USER_PATHS = NO;
				CLANG_ANALYZER_NONNULL = YES;
				CLANG_ANALYZER_NUMBER_OBJECT_CONVERSION = YES_AGGRESSIVE;
				CLANG_CXX_LANGUAGE_STANDARD = "gnu++0x";
				CLANG_CXX_LIBRARY = "libc++";
				CLANG_ENABLE_MODULES = YES;
				CLANG_ENABLE_OBJC_ARC = YES;
				CLANG_WARN_BOOL_CONVERSION = YES;
				CLANG_WARN_CONSTANT_CONVERSION = YES;
				CLANG_WARN_DIRECT_OBJC_ISA_USAGE = YES_ERROR;
				CLANG_WARN_DOCUMENTATION_COMMENTS = YES;
				CLANG_WARN_EMPTY_BODY = YES;
				CLANG_WARN_ENUM_CONVERSION = YES;
				CLANG_WARN_INFINITE_RECURSION = YES;
				CLANG_WARN_INT_CONVERSION = YES;
				CLANG_WARN_OBJC_ROOT_CLASS = YES_ERROR;
				CLANG_WARN_SUSPICIOUS_MOVE = YES;
				CLANG_WARN_UNREACHABLE_CODE = YES;
				CLANG_WARN__DUPLICATE_METHOD_MATCH = YES;
				"CODE_SIGN_IDENTITY[sdk=iphoneos*]" = "iPhone Developer";
				COPY_PHASE_STRIP = NO;
				DEBUG_INFORMATION_FORMAT = dwarf;
				ENABLE_STRICT_OBJC_MSGSEND = YES;
				ENABLE_TESTABILITY = YES;
				GCC_C_LANGUAGE_STANDARD = gnu99;
				GCC_DYNAMIC_NO_PIC = NO;
				GCC_NO_COMMON_BLOCKS = YES;
				GCC_OPTIMIZATION_LEVEL = 0;
				GCC_PREPROCESSOR_DEFINITIONS = (
					"DEBUG=1",
					"$(inherited)",
				);
				GCC_WARN_64_TO_32_BIT_CONVERSION = YES;
				GCC_WARN_ABOUT_RETURN_TYPE = YES_ERROR;
				GCC_WARN_UNDECLARED_SELECTOR = YES;
				GCC_WARN_UNINITIALIZED_AUTOS = YES_AGGRESSIVE;
				GCC_WARN_UNUSED_FUNCTION = YES;
				GCC_WARN_UNUSED_VARIABLE = YES;
				IPHONEOS_DEPLOYMENT_TARGET = 10.3;
				MTL_ENABLE_DEBUG_INFO = YES;
				ONLY_ACTIVE_ARCH = YES;
				SDKROOT = iphoneos;
				SWIFT_ACTIVE_COMPILATION_CONDITIONS = DEBUG;
				SWIFT_OPTIMIZATION_LEVEL = "-Onone";
				TARGETED_DEVICE_FAMILY = "1,2";
			};
			name = Debug;
		};
		1FA775F71F545CF80019D910 /* Release */ = {
			isa = XCBuildConfiguration;
			buildSettings = {
				ALWAYS_SEARCH_USER_PATHS = NO;
				CLANG_ANALYZER_NONNULL = YES;
				CLANG_ANALYZER_NUMBER_OBJECT_CONVERSION = YES_AGGRESSIVE;
				CLANG_CXX_LANGUAGE_STANDARD = "gnu++0x";
				CLANG_CXX_LIBRARY = "libc++";
				CLANG_ENABLE_MODULES = YES;
				CLANG_ENABLE_OBJC_ARC = YES;
				CLANG_WARN_BOOL_CONVERSION = YES;
				CLANG_WARN_CONSTANT_CONVERSION = YES;
				CLANG_WARN_DIRECT_OBJC_ISA_USAGE = YES_ERROR;
				CLANG_WARN_DOCUMENTATION_COMMENTS = YES;
				CLANG_WARN_EMPTY_BODY = YES;
				CLANG_WARN_ENUM_CONVERSION = YES;
				CLANG_WARN_INFINITE_RECURSION = YES;
				CLANG_WARN_INT_CONVERSION = YES;
				CLANG_WARN_OBJC_ROOT_CLASS = YES_ERROR;
				CLANG_WARN_SUSPICIOUS_MOVE = YES;
				CLANG_WARN_UNREACHABLE_CODE = YES;
				CLANG_WARN__DUPLICATE_METHOD_MATCH = YES;
				"CODE_SIGN_IDENTITY[sdk=iphoneos*]" = "iPhone Developer";
				COPY_PHASE_STRIP = NO;
				DEBUG_INFORMATION_FORMAT = "dwarf-with-dsym";
				ENABLE_NS_ASSERTIONS = NO;
				ENABLE_STRICT_OBJC_MSGSEND = YES;
				GCC_C_LANGUAGE_STANDARD = gnu99;
				GCC_NO_COMMON_BLOCKS = YES;
				GCC_WARN_64_TO_32_BIT_CONVERSION = YES;
				GCC_WARN_ABOUT_RETURN_TYPE = YES_ERROR;
				GCC_WARN_UNDECLARED_SELECTOR = YES;
				GCC_WARN_UNINITIALIZED_AUTOS = YES_AGGRESSIVE;
				GCC_WARN_UNUSED_FUNCTION = YES;
				GCC_WARN_UNUSED_VARIABLE = YES;
				IPHONEOS_DEPLOYMENT_TARGET = 10.3;
				MTL_ENABLE_DEBUG_INFO = NO;
				SDKROOT = iphoneos;
				SWIFT_OPTIMIZATION_LEVEL = "-Owholemodule";
				TARGETED_DEVICE_FAMILY = "1,2";
				VALIDATE_PRODUCT = YES;
			};
			name = Release;
		};
		1FA775F91F545CF80019D910 /* Debug */ = {
			isa = XCBuildConfiguration;
			buildSettings = {
				ASSETCATALOG_COMPILER_APPICON_NAME = AppIcon;
				DEVELOPMENT_TEAM = 9TDEENMMAL;
				INFOPLIST_FILE = SGPager/Info.plist;
				LD_RUNPATH_SEARCH_PATHS = "$(inherited) @executable_path/Frameworks";
				PRODUCT_BUNDLE_IDENTIFIER = com.pager.SGPager;
				PRODUCT_NAME = "$(TARGET_NAME)";
				SWIFT_VERSION = 3.0;
			};
			name = Debug;
		};
		1FA775FA1F545CF80019D910 /* Release */ = {
			isa = XCBuildConfiguration;
			buildSettings = {
				ASSETCATALOG_COMPILER_APPICON_NAME = AppIcon;
				DEVELOPMENT_TEAM = 9TDEENMMAL;
				INFOPLIST_FILE = SGPager/Info.plist;
				LD_RUNPATH_SEARCH_PATHS = "$(inherited) @executable_path/Frameworks";
				PRODUCT_BUNDLE_IDENTIFIER = com.pager.SGPager;
				PRODUCT_NAME = "$(TARGET_NAME)";
				SWIFT_VERSION = 3.0;
			};
			name = Release;
		};
/* End XCBuildConfiguration section */

/* Begin XCConfigurationList section */
		1FA775E11F545CF80019D910 /* Build configuration list for PBXProject "SGPager" */ = {
			isa = XCConfigurationList;
			buildConfigurations = (
				1FA775F61F545CF80019D910 /* Debug */,
				1FA775F71F545CF80019D910 /* Release */,
			);
			defaultConfigurationIsVisible = 0;
			defaultConfigurationName = Release;
		};
		1FA775F81F545CF80019D910 /* Build configuration list for PBXNativeTarget "SGPager" */ = {
			isa = XCConfigurationList;
			buildConfigurations = (
				1FA775F91F545CF80019D910 /* Debug */,
				1FA775FA1F545CF80019D910 /* Release */,
			);
			defaultConfigurationIsVisible = 0;
			defaultConfigurationName = Release;
		};
/* End XCConfigurationList section */
	};
	rootObject = 1FA775DE1F545CF80019D910 /* Project object */;
}
